
Microsoft Visual Studio Solution File, Format Version 11.00
# Visual Studio 2010
Project("{FAE04EC0-301F-11D3-BF4B-00C04F79EFBC}") = "ForceField.Core", "ForceField.Core\ForceField.Core.csproj", "{E7D03877-CAA4-4BBC-9B94-C22D4E30A55A}"
EndProject
Project("{FAE04EC0-301F-11D3-BF4B-00C04F79EFBC}") = "ForceField.AutofacIntegration", "ForceField.AutofacIntegration\ForceField.AutofacIntegration.csproj", "{8AFA07E2-EF6B-4FEE-A29C-2C4FC1B170BE}"
EndProject
Project("{FAE04EC0-301F-11D3-BF4B-00C04F79EFBC}") = "ForceField.UnityIntegration", "ForceField.UnityIntegration\ForceField.UnityIntegration.csproj", "{8CFCB8AC-1E01-4F52-9C1F-D1B968C15AEF}"
EndProject
Project("{FAE04EC0-301F-11D3-BF4B-00C04F79EFBC}") = "ForceField.Examples", "ForceField.Examples\ForceField.Examples.csproj", "{5A6593C2-4A2C-4BFC-AEA5-33E75816E0A4}"
EndProject
Project("{2150E333-8FDC-42A3-9474-1A3956D46DE8}") = "Tests", "Tests", "{F83B15D1-8431-447C-A503-98C5BE7D861D}"
EndProject
Project("{FAE04EC0-301F-11D3-BF4B-00C04F79EFBC}") = "ForceField.Core.Tests", "ForceField.Core.Tests\ForceField.Core.Tests.csproj", "{D44354E1-75B7-4EE9-A9BE-FF428D723CCC}"
EndProject
Project("{FAE04EC0-301F-11D3-BF4B-00C04F79EFBC}") = "ForceField.AutofacIntegration.Tests", "ForceField.AutofacIntegration.Tests\ForceField.AutofacIntegration.Tests.csproj", "{61D4B077-F1F8-4999-ADFB-363090696C13}"
EndProject
Project("{FAE04EC0-301F-11D3-BF4B-00C04F79EFBC}") = "ForceField.TestUtils", "ForceField.TestUtils\ForceField.TestUtils.csproj", "{33C2D142-2383-4B9B-A750-E4E2C27C20BD}"
EndProject
Project("{FAE04EC0-301F-11D3-BF4B-00C04F79EFBC}") = "ForceField.UnityIntegration.Tests", "ForceField.UnityIntegration.Tests\ForceField.UnityIntegration.Tests.csproj", "{4EBF7432-9BBF-4D5D-A2B8-B975A3806907}"
EndProject
Project("{FAE04EC0-301F-11D3-BF4B-00C04F79EFBC}") = "ForceField.MEFIntegration", "ForceField.MEFIntegration\ForceField.MEFIntegration.csproj", "{5C9E6A9F-80DB-4D79-AC64-22FB9FBAD08A}"
EndProject
Project("{FAE04EC0-301F-11D3-BF4B-00C04F79EFBC}") = "ForceField.MEFIntegration.Tests", "ForceField.MEFIntegration.Tests\ForceField.MEFIntegration.Tests.csproj", "{E7B0C582-EFCF-4255-832B-E132E576E4F1}"
EndProject
Project("{2150E333-8FDC-42A3-9474-1A3956D46DE8}") = "Autofac", "Autofac", "{AA2CFDCF-B33D-4686-9FAC-B4D2A7E5FA86}"
EndProject
Project("{2150E333-8FDC-42A3-9474-1A3956D46DE8}") = "MEF", "MEF", "{25B9CABD-A777-48B5-81CD-D22F571E17E2}"
EndProject
Project("{2150E333-8FDC-42A3-9474-1A3956D46DE8}") = "Unity", "Unity", "{FBF74A05-3D9A-455F-8C65-B5496D70B2FC}"
EndProject
Project("{2150E333-8FDC-42A3-9474-1A3956D46DE8}") = "Integration", "Integration", "{7DB5B829-FA2A-41E0-904A-71FEB6DE12C7}"
EndProject
Global
	GlobalSection(TestCaseManagementSettings) = postSolution
		CategoryFile = ForceField.vsmdi
	EndGlobalSection
	GlobalSection(SolutionConfigurationPlatforms) = preSolution
		Debug|Any CPU = Debug|Any CPU
		Debug|Mixed Platforms = Debug|Mixed Platforms
		Debug|x86 = Debug|x86
		Release|Any CPU = Release|Any CPU
		Release|Mixed Platforms = Release|Mixed Platforms
		Release|x86 = Release|x86
	EndGlobalSection
	GlobalSection(ProjectConfigurationPlatforms) = postSolution
		{E7D03877-CAA4-4BBC-9B94-C22D4E30A55A}.Debug|Any CPU.ActiveCfg = Debug|Any CPU
		{E7D03877-CAA4-4BBC-9B94-C22D4E30A55A}.Debug|Any CPU.Build.0 = Debug|Any CPU
		{E7D03877-CAA4-4BBC-9B94-C22D4E30A55A}.Debug|Mixed Platforms.ActiveCfg = Debug|Any CPU
		{E7D03877-CAA4-4BBC-9B94-C22D4E30A55A}.Debug|Mixed Platforms.Build.0 = Debug|Any CPU
		{E7D03877-CAA4-4BBC-9B94-C22D4E30A55A}.Debug|x86.ActiveCfg = Debug|Any CPU
		{E7D03877-CAA4-4BBC-9B94-C22D4E30A55A}.Release|Any CPU.ActiveCfg = Release|Any CPU
		{E7D03877-CAA4-4BBC-9B94-C22D4E30A55A}.Release|Any CPU.Build.0 = Release|Any CPU
		{E7D03877-CAA4-4BBC-9B94-C22D4E30A55A}.Release|Mixed Platforms.ActiveCfg = Release|Any CPU
		{E7D03877-CAA4-4BBC-9B94-C22D4E30A55A}.Release|Mixed Platforms.Build.0 = Release|Any CPU
		{E7D03877-CAA4-4BBC-9B94-C22D4E30A55A}.Release|x86.ActiveCfg = Release|Any CPU
		{8AFA07E2-EF6B-4FEE-A29C-2C4FC1B170BE}.Debug|Any CPU.ActiveCfg = Debug|Any CPU
		{8AFA07E2-EF6B-4FEE-A29C-2C4FC1B170BE}.Debug|Any CPU.Build.0 = Debug|Any CPU
		{8AFA07E2-EF6B-4FEE-A29C-2C4FC1B170BE}.Debug|Mixed Platforms.ActiveCfg = Debug|Any CPU
		{8AFA07E2-EF6B-4FEE-A29C-2C4FC1B170BE}.Debug|Mixed Platforms.Build.0 = Debug|Any CPU
		{8AFA07E2-EF6B-4FEE-A29C-2C4FC1B170BE}.Debug|x86.ActiveCfg = Debug|Any CPU
		{8AFA07E2-EF6B-4FEE-A29C-2C4FC1B170BE}.Release|Any CPU.ActiveCfg = Release|Any CPU
		{8AFA07E2-EF6B-4FEE-A29C-2C4FC1B170BE}.Release|Any CPU.Build.0 = Release|Any CPU
		{8AFA07E2-EF6B-4FEE-A29C-2C4FC1B170BE}.Release|Mixed Platforms.ActiveCfg = Release|Any CPU
		{8AFA07E2-EF6B-4FEE-A29C-2C4FC1B170BE}.Release|Mixed Platforms.Build.0 = Release|Any CPU
		{8AFA07E2-EF6B-4FEE-A29C-2C4FC1B170BE}.Release|x86.ActiveCfg = Release|Any CPU
		{8CFCB8AC-1E01-4F52-9C1F-D1B968C15AEF}.Debug|Any CPU.ActiveCfg = Debug|Any CPU
		{8CFCB8AC-1E01-4F52-9C1F-D1B968C15AEF}.Debug|Any CPU.Build.0 = Debug|Any CPU
		{8CFCB8AC-1E01-4F52-9C1F-D1B968C15AEF}.Debug|Mixed Platforms.ActiveCfg = Debug|Any CPU
		{8CFCB8AC-1E01-4F52-9C1F-D1B968C15AEF}.Debug|Mixed Platforms.Build.0 = Debug|Any CPU
		{8CFCB8AC-1E01-4F52-9C1F-D1B968C15AEF}.Debug|x86.ActiveCfg = Debug|Any CPU
		{8CFCB8AC-1E01-4F52-9C1F-D1B968C15AEF}.Release|Any CPU.ActiveCfg = Release|Any CPU
		{8CFCB8AC-1E01-4F52-9C1F-D1B968C15AEF}.Release|Any CPU.Build.0 = Release|Any CPU
		{8CFCB8AC-1E01-4F52-9C1F-D1B968C15AEF}.Release|Mixed Platforms.ActiveCfg = Release|Any CPU
		{8CFCB8AC-1E01-4F52-9C1F-D1B968C15AEF}.Release|Mixed Platforms.Build.0 = Release|Any CPU
		{8CFCB8AC-1E01-4F52-9C1F-D1B968C15AEF}.Release|x86.ActiveCfg = Release|Any CPU
		{5A6593C2-4A2C-4BFC-AEA5-33E75816E0A4}.Debug|Any CPU.ActiveCfg = Debug|x86
		{5A6593C2-4A2C-4BFC-AEA5-33E75816E0A4}.Debug|Mixed Platforms.ActiveCfg = Debug|x86
		{5A6593C2-4A2C-4BFC-AEA5-33E75816E0A4}.Debug|Mixed Platforms.Build.0 = Debug|x86
		{5A6593C2-4A2C-4BFC-AEA5-33E75816E0A4}.Debug|x86.ActiveCfg = Debug|x86
		{5A6593C2-4A2C-4BFC-AEA5-33E75816E0A4}.Debug|x86.Build.0 = Debug|x86
		{5A6593C2-4A2C-4BFC-AEA5-33E75816E0A4}.Release|Any CPU.ActiveCfg = Release|x86
		{5A6593C2-4A2C-4BFC-AEA5-33E75816E0A4}.Release|Mixed Platforms.ActiveCfg = Release|x86
		{5A6593C2-4A2C-4BFC-AEA5-33E75816E0A4}.Release|Mixed Platforms.Build.0 = Release|x86
		{5A6593C2-4A2C-4BFC-AEA5-33E75816E0A4}.Release|x86.ActiveCfg = Release|x86
		{5A6593C2-4A2C-4BFC-AEA5-33E75816E0A4}.Release|x86.Build.0 = Release|x86
		{D44354E1-75B7-4EE9-A9BE-FF428D723CCC}.Debug|Any CPU.ActiveCfg = Debug|Any CPU
		{D44354E1-75B7-4EE9-A9BE-FF428D723CCC}.Debug|Any CPU.Build.0 = Debug|Any CPU
		{D44354E1-75B7-4EE9-A9BE-FF428D723CCC}.Debug|Mixed Platforms.ActiveCfg = Debug|Any CPU
		{D44354E1-75B7-4EE9-A9BE-FF428D723CCC}.Debug|Mixed Platforms.Build.0 = Debug|Any CPU
		{D44354E1-75B7-4EE9-A9BE-FF428D723CCC}.Debug|x86.ActiveCfg = Debug|Any CPU
		{D44354E1-75B7-4EE9-A9BE-FF428D723CCC}.Release|Any CPU.ActiveCfg = Release|Any CPU
		{D44354E1-75B7-4EE9-A9BE-FF428D723CCC}.Release|Any CPU.Build.0 = Release|Any CPU
		{D44354E1-75B7-4EE9-A9BE-FF428D723CCC}.Release|Mixed Platforms.ActiveCfg = Release|Any CPU
		{D44354E1-75B7-4EE9-A9BE-FF428D723CCC}.Release|Mixed Platforms.Build.0 = Release|Any CPU
		{D44354E1-75B7-4EE9-A9BE-FF428D723CCC}.Release|x86.ActiveCfg = Release|Any CPU
		{61D4B077-F1F8-4999-ADFB-363090696C13}.Debug|Any CPU.ActiveCfg = Debug|Any CPU
		{61D4B077-F1F8-4999-ADFB-363090696C13}.Debug|Any CPU.Build.0 = Debug|Any CPU
		{61D4B077-F1F8-4999-ADFB-363090696C13}.Debug|Mixed Platforms.ActiveCfg = Debug|Any CPU
		{61D4B077-F1F8-4999-ADFB-363090696C13}.Debug|Mixed Platforms.Build.0 = Debug|Any CPU
		{61D4B077-F1F8-4999-ADFB-363090696C13}.Debug|x86.ActiveCfg = Debug|Any CPU
		{61D4B077-F1F8-4999-ADFB-363090696C13}.Release|Any CPU.ActiveCfg = Release|Any CPU
		{61D4B077-F1F8-4999-ADFB-363090696C13}.Release|Any CPU.Build.0 = Release|Any CPU
		{61D4B077-F1F8-4999-ADFB-363090696C13}.Release|Mixed Platforms.ActiveCfg = Release|Any CPU
		{61D4B077-F1F8-4999-ADFB-363090696C13}.Release|Mixed Platforms.Build.0 = Release|Any CPU
		{61D4B077-F1F8-4999-ADFB-363090696C13}.Release|x86.ActiveCfg = Release|Any CPU
		{33C2D142-2383-4B9B-A750-E4E2C27C20BD}.Debug|Any CPU.ActiveCfg = Debug|Any CPU
		{33C2D142-2383-4B9B-A750-E4E2C27C20BD}.Debug|Any CPU.Build.0 = Debug|Any CPU
		{33C2D142-2383-4B9B-A750-E4E2C27C20BD}.Debug|Mixed Platforms.ActiveCfg = Debug|Any CPU
		{33C2D142-2383-4B9B-A750-E4E2C27C20BD}.Debug|Mixed Platforms.Build.0 = Debug|Any CPU
		{33C2D142-2383-4B9B-A750-E4E2C27C20BD}.Debug|x86.ActiveCfg = Debug|Any CPU
		{33C2D142-2383-4B9B-A750-E4E2C27C20BD}.Release|Any CPU.ActiveCfg = Release|Any CPU
		{33C2D142-2383-4B9B-A750-E4E2C27C20BD}.Release|Any CPU.Build.0 = Release|Any CPU
		{33C2D142-2383-4B9B-A750-E4E2C27C20BD}.Release|Mixed Platforms.ActiveCfg = Release|Any CPU
		{33C2D142-2383-4B9B-A750-E4E2C27C20BD}.Release|Mixed Platforms.Build.0 = Release|Any CPU
		{33C2D142-2383-4B9B-A750-E4E2C27C20BD}.Release|x86.ActiveCfg = Release|Any CPU
		{4EBF7432-9BBF-4D5D-A2B8-B975A3806907}.Debug|Any CPU.ActiveCfg = Debug|Any CPU
		{4EBF7432-9BBF-4D5D-A2B8-B975A3806907}.Debug|Any CPU.Build.0 = Debug|Any CPU
		{4EBF7432-9BBF-4D5D-A2B8-B975A3806907}.Debug|Mixed Platforms.ActiveCfg = Debug|Any CPU
		{4EBF7432-9BBF-4D5D-A2B8-B975A3806907}.Debug|Mixed Platforms.Build.0 = Debug|Any CPU
		{4EBF7432-9BBF-4D5D-A2B8-B975A3806907}.Debug|x86.ActiveCfg = Debug|Any CPU
		{4EBF7432-9BBF-4D5D-A2B8-B975A3806907}.Release|Any CPU.ActiveCfg = Release|Any CPU
		{4EBF7432-9BBF-4D5D-A2B8-B975A3806907}.Release|Any CPU.Build.0 = Release|Any CPU
		{4EBF7432-9BBF-4D5D-A2B8-B975A3806907}.Release|Mixed Platforms.ActiveCfg = Release|Any CPU
		{4EBF7432-9BBF-4D5D-A2B8-B975A3806907}.Release|Mixed Platforms.Build.0 = Release|Any CPU
		{4EBF7432-9BBF-4D5D-A2B8-B975A3806907}.Release|x86.ActiveCfg = Release|Any CPU
		{5C9E6A9F-80DB-4D79-AC64-22FB9FBAD08A}.Debug|Any CPU.ActiveCfg = Debug|Any CPU
		{5C9E6A9F-80DB-4D79-AC64-22FB9FBAD08A}.Debug|Any CPU.Build.0 = Debug|Any CPU
		{5C9E6A9F-80DB-4D79-AC64-22FB9FBAD08A}.Debug|Mixed Platforms.ActiveCfg = Debug|Any CPU
		{5C9E6A9F-80DB-4D79-AC64-22FB9FBAD08A}.Debug|Mixed Platforms.Build.0 = Debug|Any CPU
		{5C9E6A9F-80DB-4D79-AC64-22FB9FBAD08A}.Debug|x86.ActiveCfg = Debug|Any CPU
		{5C9E6A9F-80DB-4D79-AC64-22FB9FBAD08A}.Release|Any CPU.ActiveCfg = Release|Any CPU
		{5C9E6A9F-80DB-4D79-AC64-22FB9FBAD08A}.Release|Any CPU.Build.0 = Release|Any CPU
		{5C9E6A9F-80DB-4D79-AC64-22FB9FBAD08A}.Release|Mixed Platforms.ActiveCfg = Release|Any CPU
		{5C9E6A9F-80DB-4D79-AC64-22FB9FBAD08A}.Release|Mixed Platforms.Build.0 = Release|Any CPU
		{5C9E6A9F-80DB-4D79-AC64-22FB9FBAD08A}.Release|x86.ActiveCfg = Release|Any CPU
		{E7B0C582-EFCF-4255-832B-E132E576E4F1}.Debug|Any CPU.ActiveCfg = Debug|Any CPU
		{E7B0C582-EFCF-4255-832B-E132E576E4F1}.Debug|Any CPU.Build.0 = Debug|Any CPU
		{E7B0C582-EFCF-4255-832B-E132E576E4F1}.Debug|Mixed Platforms.ActiveCfg = Debug|Any CPU
		{E7B0C582-EFCF-4255-832B-E132E576E4F1}.Debug|Mixed Platforms.Build.0 = Debug|Any CPU
		{E7B0C582-EFCF-4255-832B-E132E576E4F1}.Debug|x86.ActiveCfg = Debug|Any CPU
		{E7B0C582-EFCF-4255-832B-E132E576E4F1}.Release|Any CPU.ActiveCfg = Release|Any CPU
		{E7B0C582-EFCF-4255-832B-E132E576E4F1}.Release|Any CPU.Build.0 = Release|Any CPU
		{E7B0C582-EFCF-4255-832B-E132E576E4F1}.Release|Mixed Platforms.ActiveCfg = Release|Any CPU
		{E7B0C582-EFCF-4255-832B-E132E576E4F1}.Release|Mixed Platforms.Build.0 = Release|Any CPU
		{E7B0C582-EFCF-4255-832B-E132E576E4F1}.Release|x86.ActiveCfg = Release|Any CPU
	EndGlobalSection
	GlobalSection(SolutionProperties) = preSolution
		HideSolutionNode = FALSE
	EndGlobalSection
	GlobalSection(NestedProjects) = preSolution
		{D44354E1-75B7-4EE9-A9BE-FF428D723CCC} = {F83B15D1-8431-447C-A503-98C5BE7D861D}
		{33C2D142-2383-4B9B-A750-E4E2C27C20BD} = {F83B15D1-8431-447C-A503-98C5BE7D861D}
		{8AFA07E2-EF6B-4FEE-A29C-2C4FC1B170BE} = {AA2CFDCF-B33D-4686-9FAC-B4D2A7E5FA86}
		{61D4B077-F1F8-4999-ADFB-363090696C13} = {AA2CFDCF-B33D-4686-9FAC-B4D2A7E5FA86}
		{E7B0C582-EFCF-4255-832B-E132E576E4F1} = {25B9CABD-A777-48B5-81CD-D22F571E17E2}
		{5C9E6A9F-80DB-4D79-AC64-22FB9FBAD08A} = {25B9CABD-A777-48B5-81CD-D22F571E17E2}
		{8CFCB8AC-1E01-4F52-9C1F-D1B968C15AEF} = {FBF74A05-3D9A-455F-8C65-B5496D70B2FC}
		{4EBF7432-9BBF-4D5D-A2B8-B975A3806907} = {FBF74A05-3D9A-455F-8C65-B5496D70B2FC}
		{FBF74A05-3D9A-455F-8C65-B5496D70B2FC} = {7DB5B829-FA2A-41E0-904A-71FEB6DE12C7}
		{25B9CABD-A777-48B5-81CD-D22F571E17E2} = {7DB5B829-FA2A-41E0-904A-71FEB6DE12C7}
		{AA2CFDCF-B33D-4686-9FAC-B4D2A7E5FA86} = {7DB5B829-FA2A-41E0-904A-71FEB6DE12C7}
	EndGlobalSection
	GlobalSection(ExtensibilityGlobals) = postSolution
		EnterpriseLibraryConfigurationToolBinariesPath = packages\Unity.2.1.505.0\lib\NET35
	EndGlobalSection
EndGlobal
